
Microsoft Visual Studio Solution File, Format Version 12.00
# Visual Studio Version 17
VisualStudioVersion = 17.10.34928.147
MinimumVisualStudioVersion = 10.0.40219.1
Project("{FAE04EC0-301F-11D3-BF4B-00C04F79EFBC}") = "DotnetRefitApi", "DotnetRefitApi\DotnetRefitApi.csproj", "{58157F6D-0BE0-4AEB-BE28-207D22E2AF9E}"
EndProject
Global
	GlobalSection(SolutionConfigurationPlatforms) = preSolution
		Debug|Any CPU = Debug|Any CPU
		Release|Any CPU = Release|Any CPU
	EndGlobalSection
	GlobalSection(ProjectConfigurationPlatforms) = postSolution
		{58157F6D-0BE0-4AEB-BE28-207D22E2AF9E}.Debug|Any CPU.ActiveCfg = Debug|Any CPU
		{58157F6D-0BE0-4AEB-BE28-207D22E2AF9E}.Debug|Any CPU.Build.0 = Debug|Any CPU
		{58157F6D-0BE0-4AEB-BE28-207D22E2AF9E}.Release|Any CPU.ActiveCfg = Release|Any CPU
		{58157F6D-0BE0-4AEB-BE28-207D22E2AF9E}.Release|Any CPU.Build.0 = Release|Any CPU
	EndGlobalSection
	GlobalSection(SolutionProperties) = preSolution
		HideSolutionNode = FALSE
	EndGlobalSection
	GlobalSection(ExtensibilityGlobals) = postSolution
		SolutionGuid = {65BEB66D-75E8-432D-802A-3CE846324DDA}
	EndGlobalSection
EndGlobal
